
Microsoft Visual Studio Solution File, Format Version 12.00
# Visual Studio Version 17
VisualStudioVersion = 17.0.31903.59
MinimumVisualStudioVersion = 10.0.40219.1
Project("{FAE04EC0-301F-11D3-BF4B-00C04F79EFBC}") = "Fina.Api", "Fina.Api\Fina.Api.csproj", "{B6E02C57-E429-4A20-B798-2EEA9520E83F}"
EndProject
Project("{FAE04EC0-301F-11D3-BF4B-00C04F79EFBC}") = "Fina.Core", "Fina.Core\Fina.Core.csproj", "{0FF22517-9D29-4655-A7B6-8239D4EEDDB5}"
EndProject
Project("{FAE04EC0-301F-11D3-BF4B-00C04F79EFBC}") = "Fina.Web", "Fina.Web\Fina.Web.csproj", "{53613E4A-B9BE-451C-B395-FEAF4439BF92}"
EndProject
Global
	GlobalSection(SolutionConfigurationPlatforms) = preSolution
		Debug|Any CPU = Debug|Any CPU
		Release|Any CPU = Release|Any CPU
	EndGlobalSection
	GlobalSection(SolutionProperties) = preSolution
		HideSolutionNode = FALSE
	EndGlobalSection
	GlobalSection(ProjectConfigurationPlatforms) = postSolution
		{B6E02C57-E429-4A20-B798-2EEA9520E83F}.Debug|Any CPU.ActiveCfg = Debug|Any CPU
		{B6E02C57-E429-4A20-B798-2EEA9520E83F}.Debug|Any CPU.Build.0 = Debug|Any CPU
		{B6E02C57-E429-4A20-B798-2EEA9520E83F}.Release|Any CPU.ActiveCfg = Release|Any CPU
		{B6E02C57-E429-4A20-B798-2EEA9520E83F}.Release|Any CPU.Build.0 = Release|Any CPU
		{0FF22517-9D29-4655-A7B6-8239D4EEDDB5}.Debug|Any CPU.ActiveCfg = Debug|Any CPU
		{0FF22517-9D29-4655-A7B6-8239D4EEDDB5}.Debug|Any CPU.Build.0 = Debug|Any CPU
		{0FF22517-9D29-4655-A7B6-8239D4EEDDB5}.Release|Any CPU.ActiveCfg = Release|Any CPU
		{0FF22517-9D29-4655-A7B6-8239D4EEDDB5}.Release|Any CPU.Build.0 = Release|Any CPU
		{53613E4A-B9BE-451C-B395-FEAF4439BF92}.Debug|Any CPU.ActiveCfg = Debug|Any CPU
		{53613E4A-B9BE-451C-B395-FEAF4439BF92}.Debug|Any CPU.Build.0 = Debug|Any CPU
		{53613E4A-B9BE-451C-B395-FEAF4439BF92}.Release|Any CPU.ActiveCfg = Release|Any CPU
		{53613E4A-B9BE-451C-B395-FEAF4439BF92}.Release|Any CPU.Build.0 = Release|Any CPU
	EndGlobalSection
EndGlobal
